
Microsoft Visual Studio Solution File, Format Version 12.00
# Visual Studio Version 16
VisualStudioVersion = 16.0.29009.5
MinimumVisualStudioVersion = 10.0.40219.1
Project("{FAE04EC0-301F-11D3-BF4B-00C04F79EFBC}") = "VR33B", "VR33B\VR33B.csproj", "{B01E6711-0A33-44E0-8274-51E6725F4A0B}"
EndProject
Project("{FAE04EC0-301F-11D3-BF4B-00C04F79EFBC}") = "VR33B.UI", "VR33B.UI\VR33B.UI.csproj", "{DACF51A0-673D-4624-87C8-AB88C4205B83}"
EndProject
Project("{FAE04EC0-301F-11D3-BF4B-00C04F79EFBC}") = "VR33B.LineGraphicTest", "VR33B.LineGraphicTest\VR33B.LineGraphicTest.csproj", "{9B27CD27-75A1-4B25-AEB7-95A2DE3774D6}"
EndProject
Project("{FAE04EC0-301F-11D3-BF4B-00C04F79EFBC}") = "VR33B.LineGraphic", "VR33B.LineGraphic\VR33B.LineGraphic.csproj", "{FB435385-9E1D-4CC0-92CF-9E23552F3924}"
EndProject
Project("{FAE04EC0-301F-11D3-BF4B-00C04F79EFBC}") = "VR33B.Storage", "VR33B.Storage\VR33B.Storage.csproj", "{A52AE68E-2128-4DD8-9EC6-D61BE9C78DFD}"
EndProject
Global
	GlobalSection(SolutionConfigurationPlatforms) = preSolution
		Debug|Any CPU = Debug|Any CPU
		Debug|x64 = Debug|x64
		Release|Any CPU = Release|Any CPU
		Release|x64 = Release|x64
	EndGlobalSection
	GlobalSection(ProjectConfigurationPlatforms) = postSolution
		{B01E6711-0A33-44E0-8274-51E6725F4A0B}.Debug|Any CPU.ActiveCfg = Debug|Any CPU
		{B01E6711-0A33-44E0-8274-51E6725F4A0B}.Debug|Any CPU.Build.0 = Debug|Any CPU
		{B01E6711-0A33-44E0-8274-51E6725F4A0B}.Debug|x64.ActiveCfg = Debug|x64
		{B01E6711-0A33-44E0-8274-51E6725F4A0B}.Debug|x64.Build.0 = Debug|x64
		{B01E6711-0A33-44E0-8274-51E6725F4A0B}.Release|Any CPU.ActiveCfg = Release|Any CPU
		{B01E6711-0A33-44E0-8274-51E6725F4A0B}.Release|Any CPU.Build.0 = Release|Any CPU
		{B01E6711-0A33-44E0-8274-51E6725F4A0B}.Release|x64.ActiveCfg = Release|x64
		{B01E6711-0A33-44E0-8274-51E6725F4A0B}.Release|x64.Build.0 = Release|x64
		{DACF51A0-673D-4624-87C8-AB88C4205B83}.Debug|Any CPU.ActiveCfg = Debug|Any CPU
		{DACF51A0-673D-4624-87C8-AB88C4205B83}.Debug|Any CPU.Build.0 = Debug|Any CPU
		{DACF51A0-673D-4624-87C8-AB88C4205B83}.Debug|x64.ActiveCfg = Debug|Any CPU
		{DACF51A0-673D-4624-87C8-AB88C4205B83}.Debug|x64.Build.0 = Debug|Any CPU
		{DACF51A0-673D-4624-87C8-AB88C4205B83}.Release|Any CPU.ActiveCfg = Release|Any CPU
		{DACF51A0-673D-4624-87C8-AB88C4205B83}.Release|Any CPU.Build.0 = Release|Any CPU
		{DACF51A0-673D-4624-87C8-AB88C4205B83}.Release|x64.ActiveCfg = Release|Any CPU
		{DACF51A0-673D-4624-87C8-AB88C4205B83}.Release|x64.Build.0 = Release|Any CPU
		{9B27CD27-75A1-4B25-AEB7-95A2DE3774D6}.Debug|Any CPU.ActiveCfg = Debug|Any CPU
		{9B27CD27-75A1-4B25-AEB7-95A2DE3774D6}.Debug|Any CPU.Build.0 = Debug|Any CPU
		{9B27CD27-75A1-4B25-AEB7-95A2DE3774D6}.Debug|x64.ActiveCfg = Debug|Any CPU
		{9B27CD27-75A1-4B25-AEB7-95A2DE3774D6}.Release|Any CPU.ActiveCfg = Release|Any CPU
		{9B27CD27-75A1-4B25-AEB7-95A2DE3774D6}.Release|Any CPU.Build.0 = Release|Any CPU
		{9B27CD27-75A1-4B25-AEB7-95A2DE3774D6}.Release|x64.ActiveCfg = Release|Any CPU
		{FB435385-9E1D-4CC0-92CF-9E23552F3924}.Debug|Any CPU.ActiveCfg = Debug|Any CPU
		{FB435385-9E1D-4CC0-92CF-9E23552F3924}.Debug|Any CPU.Build.0 = Debug|Any CPU
		{FB435385-9E1D-4CC0-92CF-9E23552F3924}.Debug|x64.ActiveCfg = Debug|x64
		{FB435385-9E1D-4CC0-92CF-9E23552F3924}.Debug|x64.Build.0 = Debug|x64
		{FB435385-9E1D-4CC0-92CF-9E23552F3924}.Release|Any CPU.ActiveCfg = Release|Any CPU
		{FB435385-9E1D-4CC0-92CF-9E23552F3924}.Release|Any CPU.Build.0 = Release|Any CPU
		{FB435385-9E1D-4CC0-92CF-9E23552F3924}.Release|x64.ActiveCfg = Release|x64
		{FB435385-9E1D-4CC0-92CF-9E23552F3924}.Release|x64.Build.0 = Release|x64
		{A52AE68E-2128-4DD8-9EC6-D61BE9C78DFD}.Debug|Any CPU.ActiveCfg = Debug|Any CPU
		{A52AE68E-2128-4DD8-9EC6-D61BE9C78DFD}.Debug|Any CPU.Build.0 = Debug|Any CPU
		{A52AE68E-2128-4DD8-9EC6-D61BE9C78DFD}.Debug|x64.ActiveCfg = Debug|Any CPU
		{A52AE68E-2128-4DD8-9EC6-D61BE9C78DFD}.Debug|x64.Build.0 = Debug|Any CPU
		{A52AE68E-2128-4DD8-9EC6-D61BE9C78DFD}.Release|Any CPU.ActiveCfg = Release|Any CPU
		{A52AE68E-2128-4DD8-9EC6-D61BE9C78DFD}.Release|Any CPU.Build.0 = Release|Any CPU
		{A52AE68E-2128-4DD8-9EC6-D61BE9C78DFD}.Release|x64.ActiveCfg = Release|Any CPU
		{A52AE68E-2128-4DD8-9EC6-D61BE9C78DFD}.Release|x64.Build.0 = Release|Any CPU
	EndGlobalSection
	GlobalSection(SolutionProperties) = preSolution
		HideSolutionNode = FALSE
	EndGlobalSection
	GlobalSection(ExtensibilityGlobals) = postSolution
		SolutionGuid = {09EF8D60-DC76-4178-BBCD-562E756D7E4E}
	EndGlobalSection
EndGlobal
